{
  "name": "landlord-app",
  "version": "1.0.0",
  "lockfileVersion": 2,
  "requires": true,
  "packages": {
    "": {
      "name": "landlord-app",
      "version": "1.0.0",
      "dependencies": {
        "@capacitor/core": "^6.1.2",
        "@capacitor/android": "^6.1.2",
        "@capacitor/ios": "^6.1.2"
      }
    }
  }
}
